<?xml version="1.0" encoding="utf-8"?>
<Project ToolsVersion="4.0" xmlns="http://schemas.microsoft.com/developer/msbuild/2003">
  <ItemGroup>
    <Filter Include="Source Files">
      <UniqueIdentifier>{4FC737F1-C7A5-4376-A066-2A32D752A2FF}</UniqueIdentifier>
      <Extensions>cpp;c;cc;cxx;c++;cppm;ixx;def;odl;idl;hpj;bat;asm;asmx</Extensions>
    </Filter>
    <Filter Include="Header Files">
      <UniqueIdentifier>{93995380-89BD-4b04-88EB-625FBE52EBFB}</UniqueIdentifier>
      <Extensions>h;hh;hpp;hxx;h++;hm;inl;inc;ipp;xsd</Extensions>
    </Filter>
    <Filter Include="Resource Files">
      <UniqueIdentifier>{67DA6AB6-F800-4c08-8B7A-83BB121AAD01}</UniqueIdentifier>
      <Extensions>rc;ico;cur;bmp;dlg;rc2;rct;bin;rgs;gif;jpg;jpeg;jpe;resx;tiff;tif;png;wav;mfcribbon-ms</Extensions>
    </Filter>
  </ItemGroup>
  <ItemGroup>
    <ClCompile Include="ToolLibrary\DataStream\DataStream.cpp">
      <Filter>Source Files</Filter>
    </ClCompile>
    <ClCompile Include="ToolLibrary\HashDB\HashDB.cpp">
      <Filter>Source Files</Filter>
    </ClCompile>
    <ClCompile Include="ToolLibrary\Lua\decompile.c">
      <Filter>Source Files</Filter>
    </ClCompile>
    <ClCompile Include="ToolLibrary\Lua\disassemble.c">
      <Filter>Source Files</Filter>
    </ClCompile>
    <ClCompile Include="ToolLibrary\Lua\expression.c">
      <Filter>Source Files</Filter>
    </ClCompile>
    <ClCompile Include="ToolLibrary\Lua\guess.c">
      <Filter>Source Files</Filter>
    </ClCompile>
    <ClCompile Include="ToolLibrary\Lua\lapi.c">
      <Filter>Source Files</Filter>
    </ClCompile>
    <ClCompile Include="ToolLibrary\Lua\lauxlib.c">
      <Filter>Source Files</Filter>
    </ClCompile>
    <ClCompile Include="ToolLibrary\Lua\lbaselib.c">
      <Filter>Source Files</Filter>
    </ClCompile>
    <ClCompile Include="ToolLibrary\Lua\lbitlib.c">
      <Filter>Source Files</Filter>
    </ClCompile>
    <ClCompile Include="ToolLibrary\Lua\lcode.c">
      <Filter>Source Files</Filter>
    </ClCompile>
    <ClCompile Include="ToolLibrary\Lua\lcorolib.c">
      <Filter>Source Files</Filter>
    </ClCompile>
    <ClCompile Include="ToolLibrary\Lua\lctype.c">
      <Filter>Source Files</Filter>
    </ClCompile>
    <ClCompile Include="ToolLibrary\Lua\ldblib.c">
      <Filter>Source Files</Filter>
    </ClCompile>
    <ClCompile Include="ToolLibrary\Lua\ldebug.c">
      <Filter>Source Files</Filter>
    </ClCompile>
    <ClCompile Include="ToolLibrary\Lua\ldo.c">
      <Filter>Source Files</Filter>
    </ClCompile>
    <ClCompile Include="ToolLibrary\Lua\ldump.c">
      <Filter>Source Files</Filter>
    </ClCompile>
    <ClCompile Include="ToolLibrary\Lua\lfunc.c">
      <Filter>Source Files</Filter>
    </ClCompile>
    <ClCompile Include="ToolLibrary\Lua\lgc.c">
      <Filter>Source Files</Filter>
    </ClCompile>
    <ClCompile Include="ToolLibrary\Lua\linit.c">
      <Filter>Source Files</Filter>
    </ClCompile>
    <ClCompile Include="ToolLibrary\Lua\liolib.c">
      <Filter>Source Files</Filter>
    </ClCompile>
    <ClCompile Include="ToolLibrary\Lua\llex.c">
      <Filter>Source Files</Filter>
    </ClCompile>
    <ClCompile Include="ToolLibrary\Lua\lmathlib.c">
      <Filter>Source Files</Filter>
    </ClCompile>
    <ClCompile Include="ToolLibrary\Lua\lmem.c">
      <Filter>Source Files</Filter>
    </ClCompile>
    <ClCompile Include="ToolLibrary\Lua\loadlib.c">
      <Filter>Source Files</Filter>
    </ClCompile>
    <ClCompile Include="ToolLibrary\Lua\lobject.c">
      <Filter>Source Files</Filter>
    </ClCompile>
    <ClCompile Include="ToolLibrary\Lua\lopcodes.c">
      <Filter>Source Files</Filter>
    </ClCompile>
    <ClCompile Include="ToolLibrary\Lua\loslib.c">
      <Filter>Source Files</Filter>
    </ClCompile>
    <ClCompile Include="ToolLibrary\Lua\lparser.c">
      <Filter>Source Files</Filter>
    </ClCompile>
    <ClCompile Include="ToolLibrary\Lua\lstate.c">
      <Filter>Source Files</Filter>
    </ClCompile>
    <ClCompile Include="ToolLibrary\Lua\lstring.c">
      <Filter>Source Files</Filter>
    </ClCompile>
    <ClCompile Include="ToolLibrary\Lua\lstrlib.c">
      <Filter>Source Files</Filter>
    </ClCompile>
    <ClCompile Include="ToolLibrary\Lua\ltable.c">
      <Filter>Source Files</Filter>
    </ClCompile>
    <ClCompile Include="ToolLibrary\Lua\ltablib.c">
      <Filter>Source Files</Filter>
    </ClCompile>
    <ClCompile Include="ToolLibrary\Lua\ltm.c">
      <Filter>Source Files</Filter>
    </ClCompile>
    <ClCompile Include="ToolLibrary\Lua\lua.c">
      <Filter>Source Files</Filter>
    </ClCompile>
    <ClCompile Include="ToolLibrary\Lua\luac.c">
      <Filter>Source Files</Filter>
    </ClCompile>
    <ClCompile Include="ToolLibrary\Lua\luadec.c">
      <Filter>Source Files</Filter>
    </ClCompile>
    <ClCompile Include="ToolLibrary\Lua\lundump.c">
      <Filter>Source Files</Filter>
    </ClCompile>
    <ClCompile Include="ToolLibrary\Lua\lvm.c">
      <Filter>Source Files</Filter>
    </ClCompile>
    <ClCompile Include="ToolLibrary\Lua\lzio.c">
      <Filter>Source Files</Filter>
    </ClCompile>
    <ClCompile Include="ToolLibrary\Lua\macro-array.c">
      <Filter>Source Files</Filter>
    </ClCompile>
    <ClCompile Include="ToolLibrary\Lua\proto.c">
      <Filter>Source Files</Filter>
    </ClCompile>
    <ClCompile Include="ToolLibrary\Lua\statement.c">
      <Filter>Source Files</Filter>
    </ClCompile>
    <ClCompile Include="ToolLibrary\Lua\StringBuffer.c">
      <Filter>Source Files</Filter>
    </ClCompile>
    <ClCompile Include="ToolLibrary\Lua\structs.c">
      <Filter>Source Files</Filter>
    </ClCompile>
    <ClCompile Include="ToolLibrary\T3\T3EffectCache.cpp">
      <Filter>Source Files</Filter>
    </ClCompile>
    <ClCompile Include="ToolLibrary\Types\EventStorage.cpp">
      <Filter>Source Files</Filter>
    </ClCompile>
    <ClCompile Include="ToolLibrary\Types\T3Texture.cpp">
      <Filter>Source Files</Filter>
    </ClCompile>
    <ClCompile Include="ToolLibrary\Zlib\adler32.c">
      <Filter>Source Files</Filter>
    </ClCompile>
    <ClCompile Include="ToolLibrary\Zlib\compress.c">
      <Filter>Source Files</Filter>
    </ClCompile>
    <ClCompile Include="ToolLibrary\Zlib\crc32.c">
      <Filter>Source Files</Filter>
    </ClCompile>
    <ClCompile Include="ToolLibrary\Zlib\deflate.c">
      <Filter>Source Files</Filter>
    </ClCompile>
    <ClCompile Include="ToolLibrary\Zlib\infback.c">
      <Filter>Source Files</Filter>
    </ClCompile>
    <ClCompile Include="ToolLibrary\Zlib\inffast.c">
      <Filter>Source Files</Filter>
    </ClCompile>
    <ClCompile Include="ToolLibrary\Zlib\inflate.c">
      <Filter>Source Files</Filter>
    </ClCompile>
    <ClCompile Include="ToolLibrary\Zlib\inftrees.c">
      <Filter>Source Files</Filter>
    </ClCompile>
    <ClCompile Include="ToolLibrary\Zlib\trees.c">
      <Filter>Source Files</Filter>
    </ClCompile>
    <ClCompile Include="ToolLibrary\Zlib\uncompr.c">
      <Filter>Source Files</Filter>
    </ClCompile>
    <ClCompile Include="ToolLibrary\Zlib\zutil.c">
      <Filter>Source Files</Filter>
    </ClCompile>
    <ClCompile Include="ToolLibrary\Blowfish.cpp">
      <Filter>Source Files</Filter>
    </ClCompile>
    <ClCompile Include="ToolLibrary\_DeprecatedCmdLine.cpp">
      <Filter>Source Files</Filter>
    </ClCompile>
    <ClCompile Include="ToolLibrary\Compression.cpp">
      <Filter>Source Files</Filter>
    </ClCompile>
    <ClCompile Include="ToolLibrary\FMOD\FSB5.cpp">
      <Filter>Source Files</Filter>
    </ClCompile>
    <ClCompile Include="ToolLibrary\Meta.cpp">
      <Filter>Source Files</Filter>
    </ClCompile>
    <ClCompile Include="ToolLibrary\MetaStream_JSON.cpp">
      <Filter>Source Files</Filter>
    </ClCompile>
    <ClCompile Include="ToolLibrary\TelltaleToolLibrary.cpp">
      <Filter>Source Files</Filter>
    </ClCompile>
    <ClCompile Include="ToolLibrary\TTArchive2.cpp">
      <Filter>Source Files</Filter>
    </ClCompile>
    <ClCompile Include="ToolLibrary\FMOD\VorbisHeaders.cpp">
      <Filter>Source Files</Filter>
    </ClCompile>
    <ClCompile Include="ogg\bitwise.c">
      <Filter>Source Files</Filter>
    </ClCompile>
    <ClCompile Include="ogg\framing.c">
      <Filter>Source Files</Filter>
    </ClCompile>
    <ClCompile Include="vorbis\analysis.c">
      <Filter>Source Files</Filter>
    </ClCompile>
    <ClCompile Include="vorbis\bitrate.c">
      <Filter>Source Files</Filter>
    </ClCompile>
    <ClCompile Include="vorbis\block.c">
      <Filter>Source Files</Filter>
    </ClCompile>
    <ClCompile Include="vorbis\codebook.c">
      <Filter>Source Files</Filter>
    </ClCompile>
    <ClCompile Include="vorbis\envelope.c">
      <Filter>Source Files</Filter>
    </ClCompile>
    <ClCompile Include="vorbis\floor0.c">
      <Filter>Source Files</Filter>
    </ClCompile>
    <ClCompile Include="vorbis\floor1.c">
      <Filter>Source Files</Filter>
    </ClCompile>
    <ClCompile Include="vorbis\info.c">
      <Filter>Source Files</Filter>
    </ClCompile>
    <ClCompile Include="vorbis\lookup.c">
      <Filter>Source Files</Filter>
    </ClCompile>
    <ClCompile Include="vorbis\lpc.c">
      <Filter>Source Files</Filter>
    </ClCompile>
    <ClCompile Include="vorbis\lsp.c">
      <Filter>Source Files</Filter>
    </ClCompile>
    <ClCompile Include="vorbis\mapping0.c">
      <Filter>Source Files</Filter>
    </ClCompile>
    <ClCompile Include="vorbis\mdct.c">
      <Filter>Source Files</Filter>
    </ClCompile>
    <ClCompile Include="vorbis\misc.c">
      <Filter>Source Files</Filter>
    </ClCompile>
    <ClCompile Include="vorbis\psy.c">
      <Filter>Source Files</Filter>
    </ClCompile>
    <ClCompile Include="vorbis\registry.c">
      <Filter>Source Files</Filter>
    </ClCompile>
    <ClCompile Include="vorbis\res0.c">
      <Filter>Source Files</Filter>
    </ClCompile>
    <ClCompile Include="vorbis\sharedbook.c">
      <Filter>Source Files</Filter>
    </ClCompile>
    <ClCompile Include="vorbis\smallft.c">
      <Filter>Source Files</Filter>
    </ClCompile>
    <ClCompile Include="vorbis\synthesis.c">
      <Filter>Source Files</Filter>
    </ClCompile>
    <ClCompile Include="vorbis\vorbisenc.c">
      <Filter>Source Files</Filter>
    </ClCompile>
    <ClCompile Include="vorbis\vorbisfile.c">
      <Filter>Source Files</Filter>
    </ClCompile>
    <ClCompile Include="vorbis\window.c">
      <Filter>Source Files</Filter>
    </ClCompile>
    <ClCompile Include="ToolLibrary\LargeConst.cpp">
      <Filter>Source Files</Filter>
    </ClCompile>
    <ClCompile Include="ToolLibrary\T3\Render.cpp">
      <Filter>Source Files</Filter>
    </ClCompile>
    <ClCompile Include="ToolLibrary\T3\ScenePasses.cpp">
      <Filter>Source Files</Filter>
    </ClCompile>
    <ClCompile Include="ToolLibrary\T3\T3EffectCacheVersionDB.cpp">
      <Filter>Source Files</Filter>
    </ClCompile>
  </ItemGroup>
  <ItemGroup>
    <ClInclude Include="ToolLibrary\DataStream\DataStream.h">
      <Filter>Header Files</Filter>
    </ClInclude>
    <ClInclude Include="ToolLibrary\HashDB\HashDB.h">
      <Filter>Header Files</Filter>
    </ClInclude>
    <ClInclude Include="ToolLibrary\LegacyTypes\D3DMeshLegacy.h">
      <Filter>Header Files</Filter>
    </ClInclude>
    <ClInclude Include="ToolLibrary\Lua\common.h">
      <Filter>Header Files</Filter>
    </ClInclude>
    <ClInclude Include="ToolLibrary\Lua\decompile.h">
      <Filter>Header Files</Filter>
    </ClInclude>
    <ClInclude Include="ToolLibrary\Lua\disassemble.h">
      <Filter>Header Files</Filter>
    </ClInclude>
    <ClInclude Include="ToolLibrary\Lua\expression.h">
      <Filter>Header Files</Filter>
    </ClInclude>
    <ClInclude Include="ToolLibrary\Lua\lapi.h">
      <Filter>Header Files</Filter>
    </ClInclude>
    <ClInclude Include="ToolLibrary\Lua\lauxlib.h">
      <Filter>Header Files</Filter>
    </ClInclude>
    <ClInclude Include="ToolLibrary\Lua\lcode.h">
      <Filter>Header Files</Filter>
    </ClInclude>
    <ClInclude Include="ToolLibrary\Lua\lctype.h">
      <Filter>Header Files</Filter>
    </ClInclude>
    <ClInclude Include="ToolLibrary\Lua\ldebug.h">
      <Filter>Header Files</Filter>
    </ClInclude>
    <ClInclude Include="ToolLibrary\Lua\ldo.h">
      <Filter>Header Files</Filter>
    </ClInclude>
    <ClInclude Include="ToolLibrary\Lua\lfunc.h">
      <Filter>Header Files</Filter>
    </ClInclude>
    <ClInclude Include="ToolLibrary\Lua\lgc.h">
      <Filter>Header Files</Filter>
    </ClInclude>
    <ClInclude Include="ToolLibrary\Lua\llex.h">
      <Filter>Header Files</Filter>
    </ClInclude>
    <ClInclude Include="ToolLibrary\Lua\llimits.h">
      <Filter>Header Files</Filter>
    </ClInclude>
    <ClInclude Include="ToolLibrary\Lua\lmem.h">
      <Filter>Header Files</Filter>
    </ClInclude>
    <ClInclude Include="ToolLibrary\Lua\lobject.h">
      <Filter>Header Files</Filter>
    </ClInclude>
    <ClInclude Include="ToolLibrary\Lua\lopcodes.h">
      <Filter>Header Files</Filter>
    </ClInclude>
    <ClInclude Include="ToolLibrary\Lua\lparser.h">
      <Filter>Header Files</Filter>
    </ClInclude>
    <ClInclude Include="ToolLibrary\Lua\lstate.h">
      <Filter>Header Files</Filter>
    </ClInclude>
    <ClInclude Include="ToolLibrary\Lua\lstring.h">
      <Filter>Header Files</Filter>
    </ClInclude>
    <ClInclude Include="ToolLibrary\Lua\ltable.h">
      <Filter>Header Files</Filter>
    </ClInclude>
    <ClInclude Include="ToolLibrary\Lua\ltm.h">
      <Filter>Header Files</Filter>
    </ClInclude>
    <ClInclude Include="ToolLibrary\Lua\lua.h">
      <Filter>Header Files</Filter>
    </ClInclude>
    <ClInclude Include="ToolLibrary\Lua\lua.hpp">
      <Filter>Header Files</Filter>
    </ClInclude>
    <ClInclude Include="ToolLibrary\Lua\lua-compat.h">
      <Filter>Header Files</Filter>
    </ClInclude>
    <ClInclude Include="ToolLibrary\Lua\luaconf.h">
      <Filter>Header Files</Filter>
    </ClInclude>
    <ClInclude Include="ToolLibrary\Lua\lualib.h">
      <Filter>Header Files</Filter>
    </ClInclude>
    <ClInclude Include="ToolLibrary\Lua\lundump.h">
      <Filter>Header Files</Filter>
    </ClInclude>
    <ClInclude Include="ToolLibrary\Lua\lvm.h">
      <Filter>Header Files</Filter>
    </ClInclude>
    <ClInclude Include="ToolLibrary\Lua\lzio.h">
      <Filter>Header Files</Filter>
    </ClInclude>
    <ClInclude Include="ToolLibrary\Lua\macro-array.h">
      <Filter>Header Files</Filter>
    </ClInclude>
    <ClInclude Include="ToolLibrary\Lua\proto.h">
      <Filter>Header Files</Filter>
    </ClInclude>
    <ClInclude Include="ToolLibrary\Lua\srcversion.h">
      <Filter>Header Files</Filter>
    </ClInclude>
    <ClInclude Include="ToolLibrary\Lua\statement.h">
      <Filter>Header Files</Filter>
    </ClInclude>
    <ClInclude Include="ToolLibrary\Lua\StringBuffer.h">
      <Filter>Header Files</Filter>
    </ClInclude>
    <ClInclude Include="ToolLibrary\Lua\structs.h">
      <Filter>Header Files</Filter>
    </ClInclude>
    <ClInclude Include="ToolLibrary\rapidjson\error\en.h">
      <Filter>Header Files</Filter>
    </ClInclude>
    <ClInclude Include="ToolLibrary\rapidjson\error\error.h">
      <Filter>Header Files</Filter>
    </ClInclude>
    <ClInclude Include="ToolLibrary\rapidjson\internal\biginteger.h">
      <Filter>Header Files</Filter>
    </ClInclude>
    <ClInclude Include="ToolLibrary\rapidjson\internal\clzll.h">
      <Filter>Header Files</Filter>
    </ClInclude>
    <ClInclude Include="ToolLibrary\rapidjson\internal\diyfp.h">
      <Filter>Header Files</Filter>
    </ClInclude>
    <ClInclude Include="ToolLibrary\rapidjson\internal\dtoa.h">
      <Filter>Header Files</Filter>
    </ClInclude>
    <ClInclude Include="ToolLibrary\rapidjson\internal\ieee754.h">
      <Filter>Header Files</Filter>
    </ClInclude>
    <ClInclude Include="ToolLibrary\rapidjson\internal\itoa.h">
      <Filter>Header Files</Filter>
    </ClInclude>
    <ClInclude Include="ToolLibrary\rapidjson\internal\meta.h">
      <Filter>Header Files</Filter>
    </ClInclude>
    <ClInclude Include="ToolLibrary\rapidjson\internal\pow10.h">
      <Filter>Header Files</Filter>
    </ClInclude>
    <ClInclude Include="ToolLibrary\rapidjson\internal\regex.h">
      <Filter>Header Files</Filter>
    </ClInclude>
    <ClInclude Include="ToolLibrary\rapidjson\internal\stack.h">
      <Filter>Header Files</Filter>
    </ClInclude>
    <ClInclude Include="ToolLibrary\rapidjson\internal\strfunc.h">
      <Filter>Header Files</Filter>
    </ClInclude>
    <ClInclude Include="ToolLibrary\rapidjson\internal\strtod.h">
      <Filter>Header Files</Filter>
    </ClInclude>
    <ClInclude Include="ToolLibrary\rapidjson\internal\swap.h">
      <Filter>Header Files</Filter>
    </ClInclude>
    <ClInclude Include="ToolLibrary\rapidjson\msinttypes\inttypes.h">
      <Filter>Header Files</Filter>
    </ClInclude>
    <ClInclude Include="ToolLibrary\rapidjson\msinttypes\stdint.h">
      <Filter>Header Files</Filter>
    </ClInclude>
    <ClInclude Include="ToolLibrary\rapidjson\allocators.h">
      <Filter>Header Files</Filter>
    </ClInclude>
    <ClInclude Include="ToolLibrary\rapidjson\cursorstreamwrapper.h">
      <Filter>Header Files</Filter>
    </ClInclude>
    <ClInclude Include="ToolLibrary\rapidjson\document.h">
      <Filter>Header Files</Filter>
    </ClInclude>
    <ClInclude Include="ToolLibrary\rapidjson\encodedstream.h">
      <Filter>Header Files</Filter>
    </ClInclude>
    <ClInclude Include="ToolLibrary\rapidjson\encodings.h">
      <Filter>Header Files</Filter>
    </ClInclude>
    <ClInclude Include="ToolLibrary\rapidjson\filereadstream.h">
      <Filter>Header Files</Filter>
    </ClInclude>
    <ClInclude Include="ToolLibrary\rapidjson\filewritestream.h">
      <Filter>Header Files</Filter>
    </ClInclude>
    <ClInclude Include="ToolLibrary\rapidjson\fwd.h">
      <Filter>Header Files</Filter>
    </ClInclude>
    <ClInclude Include="ToolLibrary\rapidjson\istreamwrapper.h">
      <Filter>Header Files</Filter>
    </ClInclude>
    <ClInclude Include="ToolLibrary\rapidjson\LookaheadParse.h">
      <Filter>Header Files</Filter>
    </ClInclude>
    <ClInclude Include="ToolLibrary\rapidjson\memorybuffer.h">
      <Filter>Header Files</Filter>
    </ClInclude>
    <ClInclude Include="ToolLibrary\rapidjson\memorystream.h">
      <Filter>Header Files</Filter>
    </ClInclude>
    <ClInclude Include="ToolLibrary\rapidjson\ostreamwrapper.h">
      <Filter>Header Files</Filter>
    </ClInclude>
    <ClInclude Include="ToolLibrary\rapidjson\pointer.h">
      <Filter>Header Files</Filter>
    </ClInclude>
    <ClInclude Include="ToolLibrary\rapidjson\prettywriter.h">
      <Filter>Header Files</Filter>
    </ClInclude>
    <ClInclude Include="ToolLibrary\rapidjson\rapidjson.h">
      <Filter>Header Files</Filter>
    </ClInclude>
    <ClInclude Include="ToolLibrary\rapidjson\reader.h">
      <Filter>Header Files</Filter>
    </ClInclude>
    <ClInclude Include="ToolLibrary\rapidjson\schema.h">
      <Filter>Header Files</Filter>
    </ClInclude>
    <ClInclude Include="ToolLibrary\rapidjson\stream.h">
      <Filter>Header Files</Filter>
    </ClInclude>
    <ClInclude Include="ToolLibrary\rapidjson\stringbuffer.h">
      <Filter>Header Files</Filter>
    </ClInclude>
    <ClInclude Include="ToolLibrary\rapidjson\uri.h">
      <Filter>Header Files</Filter>
    </ClInclude>
    <ClInclude Include="ToolLibrary\rapidjson\writer.h">
      <Filter>Header Files</Filter>
    </ClInclude>
    <ClInclude Include="ToolLibrary\T3\T3EffectCache.h">
      <Filter>Header Files</Filter>
    </ClInclude>
    <ClInclude Include="ToolLibrary\Types\ActorAgentMapper.h">
      <Filter>Header Files</Filter>
    </ClInclude>
    <ClInclude Include="ToolLibrary\Types\AgentMap.h">
      <Filter>Header Files</Filter>
    </ClInclude>
    <ClInclude Include="ToolLibrary\Types\AnimatedValueInterface.h">
      <Filter>Header Files</Filter>
    </ClInclude>
    <ClInclude Include="ToolLibrary\Types\Animation.h">
      <Filter>Header Files</Filter>
    </ClInclude>
    <ClInclude Include="ToolLibrary\Types\AnimOrChore.h">
      <Filter>Header Files</Filter>
    </ClInclude>
    <ClInclude Include="ToolLibrary\Types\AssetCollection.h">
      <Filter>Header Files</Filter>
    </ClInclude>
    <ClInclude Include="ToolLibrary\Types\BlendGraph.h">
      <Filter>Header Files</Filter>
    </ClInclude>
    <ClInclude Include="ToolLibrary\Types\Chore.h">
      <Filter>Header Files</Filter>
    </ClInclude>
    <ClInclude Include="ToolLibrary\Types\Container.h">
      <Filter>Header Files</Filter>
    </ClInclude>
    <ClInclude Include="ToolLibrary\Types\D3DMesh.h">
      <Filter>Header Files</Filter>
    </ClInclude>
    <ClInclude Include="ToolLibrary\Types\DCArray.h">
      <Filter>Header Files</Filter>
    </ClInclude>
    <ClInclude Include="ToolLibrary\Types\Deque.h">
      <Filter>Header Files</Filter>
    </ClInclude>
    <ClInclude Include="ToolLibrary\Types\Dialog.h">
      <Filter>Header Files</Filter>
    </ClInclude>
    <ClInclude Include="ToolLibrary\Types\DlgSystemSettings.h">
      <Filter>Header Files</Filter>
    </ClInclude>
    <ClInclude Include="ToolLibrary\Types\EnlightenData.h">
      <Filter>Header Files</Filter>
    </ClInclude>
    <ClInclude Include="ToolLibrary\Types\EventStorage.h">
      <Filter>Header Files</Filter>
    </ClInclude>
    <ClInclude Include="ToolLibrary\Types\Font.h">
      <Filter>Header Files</Filter>
    </ClInclude>
    <ClInclude Include="ToolLibrary\Types\HandleObjectInfo.h">
      <Filter>Header Files</Filter>
    </ClInclude>
    <ClInclude Include="ToolLibrary\Types\InputMapper.h">
      <Filter>Header Files</Filter>
    </ClInclude>
    <ClInclude Include="ToolLibrary\Types\KeyframedValue.h">
      <Filter>Header Files</Filter>
    </ClInclude>
    <ClInclude Include="ToolLibrary\Types\LanguageDatabase.h">
      <Filter>Header Files</Filter>
    </ClInclude>
    <ClInclude Include="ToolLibrary\Types\LanguageDB.h">
      <Filter>Header Files</Filter>
    </ClInclude>
    <ClInclude Include="ToolLibrary\Types\LanguageLookupMap.h">
      <Filter>Header Files</Filter>
    </ClInclude>
    <ClInclude Include="ToolLibrary\Types\LanguageRegister.h">
      <Filter>Header Files</Filter>
    </ClInclude>
    <ClInclude Include="ToolLibrary\Types\LightProbeData.h">
      <Filter>Header Files</Filter>
    </ClInclude>
    <ClInclude Include="ToolLibrary\Types\List.h">
      <Filter>Header Files</Filter>
    </ClInclude>
    <ClInclude Include="ToolLibrary\Types\LocalizationRegistry.h">
      <Filter>Header Files</Filter>
    </ClInclude>
    <ClInclude Include="ToolLibrary\Types\LocomotionDB.h">
      <Filter>Header Files</Filter>
    </ClInclude>
    <ClInclude Include="ToolLibrary\Types\Map.h">
      <Filter>Header Files</Filter>
    </ClInclude>
    <ClInclude Include="ToolLibrary\Types\Note.h">
      <Filter>Header Files</Filter>
    </ClInclude>
    <ClInclude Include="ToolLibrary\Types\ObjectSpaceIntrinsics.h">
      <Filter>Header Files</Filter>
    </ClInclude>
    <ClInclude Include="ToolLibrary\Types\ParticleProperties.h">
      <Filter>Header Files</Filter>
    </ClInclude>
    <ClInclude Include="ToolLibrary\Types\ParticleSprite.h">
      <Filter>Header Files</Filter>
    </ClInclude>
    <ClInclude Include="ToolLibrary\Types\PhonemeTable.h">
      <Filter>Header Files</Filter>
    </ClInclude>
    <ClInclude Include="ToolLibrary\Types\PreloadPackage.h">
      <Filter>Header Files</Filter>
    </ClInclude>
    <ClInclude Include="ToolLibrary\Types\Procedural.h">
      <Filter>Header Files</Filter>
    </ClInclude>
    <ClInclude Include="ToolLibrary\Types\PropertySet.h">
      <Filter>Header Files</Filter>
    </ClInclude>
    <ClInclude Include="ToolLibrary\Types\Rect.h">
      <Filter>Header Files</Filter>
    </ClInclude>
    <ClInclude Include="ToolLibrary\Types\ResourceBundle.h">
      <Filter>Header Files</Filter>
    </ClInclude>
    <ClInclude Include="ToolLibrary\Types\Rules.h">
      <Filter>Header Files</Filter>
    </ClInclude>
    <ClInclude Include="ToolLibrary\Types\SArray.h">
      <Filter>Header Files</Filter>
    </ClInclude>
    <ClInclude Include="ToolLibrary\Types\Scene.h">
      <Filter>Header Files</Filter>
    </ClInclude>
    <ClInclude Include="ToolLibrary\Types\Set.h">
      <Filter>Header Files</Filter>
    </ClInclude>
    <ClInclude Include="ToolLibrary\Types\Skeleton.h">
      <Filter>Header Files</Filter>
    </ClInclude>
    <ClInclude Include="ToolLibrary\Types\SoundAmbience.h">
      <Filter>Header Files</Filter>
    </ClInclude>
    <ClInclude Include="ToolLibrary\Types\SoundBusSystem.h">
      <Filter>Header Files</Filter>
    </ClInclude>
    <ClInclude Include="ToolLibrary\Types\SoundData.h">
      <Filter>Header Files</Filter>
    </ClInclude>
    <ClInclude Include="ToolLibrary\Types\SoundEventBankMap.h">
      <Filter>Header Files</Filter>
    </ClInclude>
    <ClInclude Include="ToolLibrary\Types\SoundFootsteps.h">
      <Filter>Header Files</Filter>
    </ClInclude>
    <ClInclude Include="ToolLibrary\Types\SoundReverbDefinition.h">
      <Filter>Header Files</Filter>
    </ClInclude>
    <ClInclude Include="ToolLibrary\Types\StyleGuide.h">
      <Filter>Header Files</Filter>
    </ClInclude>
    <ClInclude Include="ToolLibrary\Types\T3OverlayData.h">
      <Filter>Header Files</Filter>
    </ClInclude>
    <ClInclude Include="ToolLibrary\Types\T3Texture.h">
      <Filter>Header Files</Filter>
    </ClInclude>
    <ClInclude Include="ToolLibrary\Types\ToolProps.h">
      <Filter>Header Files</Filter>
    </ClInclude>
    <ClInclude Include="ToolLibrary\Types\TRange.h">
      <Filter>Header Files</Filter>
    </ClInclude>
    <ClInclude Include="ToolLibrary\Types\TransitionMap.h">
      <Filter>Header Files</Filter>
    </ClInclude>
    <ClInclude Include="ToolLibrary\Types\TRect.h">
      <Filter>Header Files</Filter>
    </ClInclude>
    <ClInclude Include="ToolLibrary\Types\TypeIncludes.h">
      <Filter>Header Files</Filter>
    </ClInclude>
    <ClInclude Include="ToolLibrary\Types\WalkBoxes.h">
      <Filter>Header Files</Filter>
    </ClInclude>
    <ClInclude Include="ToolLibrary\Zlib\crc32.h">
      <Filter>Header Files</Filter>
    </ClInclude>
    <ClInclude Include="ToolLibrary\Zlib\deflate.h">
      <Filter>Header Files</Filter>
    </ClInclude>
    <ClInclude Include="ToolLibrary\Zlib\inffast.h">
      <Filter>Header Files</Filter>
    </ClInclude>
    <ClInclude Include="ToolLibrary\Zlib\inffixed.h">
      <Filter>Header Files</Filter>
    </ClInclude>
    <ClInclude Include="ToolLibrary\Zlib\inflate.h">
      <Filter>Header Files</Filter>
    </ClInclude>
    <ClInclude Include="ToolLibrary\Zlib\inftrees.h">
      <Filter>Header Files</Filter>
    </ClInclude>
    <ClInclude Include="ToolLibrary\Zlib\trees.h">
      <Filter>Header Files</Filter>
    </ClInclude>
    <ClInclude Include="ToolLibrary\Zlib\zconf.h">
      <Filter>Header Files</Filter>
    </ClInclude>
    <ClInclude Include="ToolLibrary\Zlib\zlib.h">
      <Filter>Header Files</Filter>
    </ClInclude>
    <ClInclude Include="ToolLibrary\Zlib\zutil.h">
      <Filter>Header Files</Filter>
    </ClInclude>
    <ClInclude Include="ToolLibrary\Base64.h">
      <Filter>Header Files</Filter>
    </ClInclude>
    <ClInclude Include="ToolLibrary\Blowfish.h">
      <Filter>Header Files</Filter>
    </ClInclude>
    <ClInclude Include="ToolLibrary\Compression.h">
      <Filter>Header Files</Filter>
    </ClInclude>
    <ClInclude Include="ToolLibrary\FMOD\FSB5.h">
      <Filter>Header Files</Filter>
    </ClInclude>
    <ClInclude Include="ToolLibrary\HashManager.h">
      <Filter>Header Files</Filter>
    </ClInclude>
    <ClInclude Include="ToolLibrary\Meta.hpp">
      <Filter>Header Files</Filter>
    </ClInclude>
    <ClInclude Include="ToolLibrary\MetaInitHelpers.h">
      <Filter>Header Files</Filter>
    </ClInclude>
    <ClInclude Include="ToolLibrary\MetaInitialize.h">
      <Filter>Header Files</Filter>
    </ClInclude>
    <ClInclude Include="ToolLibrary\MetaStream_JSON.hpp">
      <Filter>Header Files</Filter>
    </ClInclude>
    <ClInclude Include="ToolLibrary\TelltaleToolLibrary.h">
      <Filter>Header Files</Filter>
    </ClInclude>
    <ClInclude Include="ToolLibrary\TTArchive2.hpp">
      <Filter>Header Files</Filter>
    </ClInclude>
    <ClInclude Include="ToolLibrary\VersDB.h">
      <Filter>Header Files</Filter>
    </ClInclude>
    <ClInclude Include="ogg\config_types.h">
      <Filter>Header Files</Filter>
    </ClInclude>
    <ClInclude Include="ogg\crctable.h">
      <Filter>Header Files</Filter>
    </ClInclude>
    <ClInclude Include="ogg\ogg.h">
      <Filter>Header Files</Filter>
    </ClInclude>
    <ClInclude Include="ogg\os_types.h">
      <Filter>Header Files</Filter>
    </ClInclude>
    <ClInclude Include="vorbis\books\coupled\res_books_51.h">
      <Filter>Header Files</Filter>
    </ClInclude>
    <ClInclude Include="vorbis\books\coupled\res_books_stereo.h">
      <Filter>Header Files</Filter>
    </ClInclude>
    <ClInclude Include="vorbis\books\floor\floor_books.h">
      <Filter>Header Files</Filter>
    </ClInclude>
    <ClInclude Include="vorbis\books\uncoupled\res_books_uncoupled.h">
      <Filter>Header Files</Filter>
    </ClInclude>
    <ClInclude Include="vorbis\modes\floor_all.h">
      <Filter>Header Files</Filter>
    </ClInclude>
    <ClInclude Include="vorbis\modes\psych_8.h">
      <Filter>Header Files</Filter>
    </ClInclude>
    <ClInclude Include="vorbis\modes\psych_11.h">
      <Filter>Header Files</Filter>
    </ClInclude>
    <ClInclude Include="vorbis\modes\psych_16.h">
      <Filter>Header Files</Filter>
    </ClInclude>
    <ClInclude Include="vorbis\modes\psych_44.h">
      <Filter>Header Files</Filter>
    </ClInclude>
    <ClInclude Include="vorbis\modes\residue_8.h">
      <Filter>Header Files</Filter>
    </ClInclude>
    <ClInclude Include="vorbis\modes\residue_16.h">
      <Filter>Header Files</Filter>
    </ClInclude>
    <ClInclude Include="vorbis\modes\residue_44.h">
      <Filter>Header Files</Filter>
    </ClInclude>
    <ClInclude Include="vorbis\modes\residue_44p51.h">
      <Filter>Header Files</Filter>
    </ClInclude>
    <ClInclude Include="vorbis\modes\residue_44u.h">
      <Filter>Header Files</Filter>
    </ClInclude>
    <ClInclude Include="vorbis\modes\setup_8.h">
      <Filter>Header Files</Filter>
    </ClInclude>
    <ClInclude Include="vorbis\modes\setup_11.h">
      <Filter>Header Files</Filter>
    </ClInclude>
    <ClInclude Include="vorbis\modes\setup_16.h">
      <Filter>Header Files</Filter>
    </ClInclude>
    <ClInclude Include="vorbis\modes\setup_22.h">
      <Filter>Header Files</Filter>
    </ClInclude>
    <ClInclude Include="vorbis\modes\setup_32.h">
      <Filter>Header Files</Filter>
    </ClInclude>
    <ClInclude Include="vorbis\modes\setup_44.h">
      <Filter>Header Files</Filter>
    </ClInclude>
    <ClInclude Include="vorbis\modes\setup_44p51.h">
      <Filter>Header Files</Filter>
    </ClInclude>
    <ClInclude Include="vorbis\modes\setup_44u.h">
      <Filter>Header Files</Filter>
    </ClInclude>
    <ClInclude Include="vorbis\modes\setup_X.h">
      <Filter>Header Files</Filter>
    </ClInclude>
    <ClInclude Include="vorbis\backends.h">
      <Filter>Header Files</Filter>
    </ClInclude>
    <ClInclude Include="vorbis\bitrate.h">
      <Filter>Header Files</Filter>
    </ClInclude>
    <ClInclude Include="vorbis\codebook.h">
      <Filter>Header Files</Filter>
    </ClInclude>
    <ClInclude Include="vorbis\codec.h">
      <Filter>Header Files</Filter>
    </ClInclude>
    <ClInclude Include="vorbis\codec_internal.h">
      <Filter>Header Files</Filter>
    </ClInclude>
    <ClInclude Include="vorbis\envelope.h">
      <Filter>Header Files</Filter>
    </ClInclude>
    <ClInclude Include="vorbis\highlevel.h">
      <Filter>Header Files</Filter>
    </ClInclude>
    <ClInclude Include="vorbis\lookup.h">
      <Filter>Header Files</Filter>
    </ClInclude>
    <ClInclude Include="vorbis\lookup_data.h">
      <Filter>Header Files</Filter>
    </ClInclude>
    <ClInclude Include="vorbis\lpc.h">
      <Filter>Header Files</Filter>
    </ClInclude>
    <ClInclude Include="vorbis\lsp.h">
      <Filter>Header Files</Filter>
    </ClInclude>
    <ClInclude Include="vorbis\masking.h">
      <Filter>Header Files</Filter>
    </ClInclude>
    <ClInclude Include="vorbis\mdct.h">
      <Filter>Header Files</Filter>
    </ClInclude>
    <ClInclude Include="vorbis\misc.h">
      <Filter>Header Files</Filter>
    </ClInclude>
    <ClInclude Include="vorbis\os.h">
      <Filter>Header Files</Filter>
    </ClInclude>
    <ClInclude Include="vorbis\psy.h">
      <Filter>Header Files</Filter>
    </ClInclude>
    <ClInclude Include="vorbis\registry.h">
      <Filter>Header Files</Filter>
    </ClInclude>
    <ClInclude Include="vorbis\scales.h">
      <Filter>Header Files</Filter>
    </ClInclude>
    <ClInclude Include="vorbis\smallft.h">
      <Filter>Header Files</Filter>
    </ClInclude>
    <ClInclude Include="vorbis\vorbisenc.h">
      <Filter>Header Files</Filter>
    </ClInclude>
    <ClInclude Include="vorbis\vorbisfile.h">
      <Filter>Header Files</Filter>
    </ClInclude>
    <ClInclude Include="vorbis\window.h">
      <Filter>Header Files</Filter>
    </ClInclude>
    <ClInclude Include="ToolLibrary\T3\T3Effect.h">
      <Filter>Header Files</Filter>
    </ClInclude>
    <ClInclude Include="ToolLibrary\T3\T3EffectUser.h">
      <Filter>Header Files</Filter>
    </ClInclude>
    <ClInclude Include="ToolLibrary\T3\Camera.h">
      <Filter>Header Files</Filter>
    </ClInclude>
    <ClInclude Include="ToolLibrary\T3\Render.hpp">
      <Filter>Header Files</Filter>
    </ClInclude>
    <ClInclude Include="ToolLibrary\T3\T3EffectParameters.h">
      <Filter>Header Files</Filter>
    </ClInclude>
    <ClInclude Include="ToolLibrary\T3\T3RenderTargets.h">
      <Filter>Header Files</Filter>
    </ClInclude>
    <ClInclude Include="ToolLibrary\LargeConst.h">
      <Filter>Header Files</Filter>
    </ClInclude>
    <ClInclude Include="ToolLibrary\T3\LinearHeap.h">
      <Filter>Header Files</Filter>
    </ClInclude>
    <ClInclude Include="ToolLibrary\LinkedList.h">
      <Filter>Header Files</Filter>
    </ClInclude>
    <ClInclude Include="ToolLibrary\T3\RenderScene.h">
      <Filter>Header Files</Filter>
    </ClInclude>
    <ClInclude Include="ToolLibrary\Types\UtilityTypes.h">
      <Filter>Header Files</Filter>
    </ClInclude>
    <ClInclude Include="ToolLibrary\Symbols.h">
      <Filter>Header Files</Filter>
    </ClInclude>
    <ClInclude Include="ToolLibrary\LibraryConfig.h">
      <Filter>Header Files</Filter>
    </ClInclude>
  </ItemGroup>
  <ItemGroup>
    <None Include="ToolLibrary\T3\RenderTypeDescs.inl">
      <Filter>Header Files</Filter>
    </None>
  </ItemGroup>
</Project>